// !$*UTF8*$!
{
	archiveVersion = 1;
	classes = {
	};
	objectVersion = 56;
	objects = {

/* Begin PBXBuildFile section */
		D864CB5E2A0828F700E1C157 /* AquariumControllerClientApp.swift in Sources */ = {isa = PBXBuildFile; fileRef = D864CB5D2A0828F700E1C157 /* AquariumControllerClientApp.swift */; };
		D864CB602A0828F700E1C157 /* ContentView.swift in Sources */ = {isa = PBXBuildFile; fileRef = D864CB5F2A0828F700E1C157 /* ContentView.swift */; };
		D864CB622A0828F800E1C157 /* Assets.xcassets in Resources */ = {isa = PBXBuildFile; fileRef = D864CB612A0828F800E1C157 /* Assets.xcassets */; };
		D864CB662A0828F800E1C157 /* Preview Assets.xcassets in Resources */ = {isa = PBXBuildFile; fileRef = D864CB652A0828F800E1C157 /* Preview Assets.xcassets */; };
		D864CB702A082A1700E1C157 /* SettingsView.swift in Sources */ = {isa = PBXBuildFile; fileRef = D864CB6C2A082A1600E1C157 /* SettingsView.swift */; };
		D864CB712A082A1700E1C157 /* CurrentState.swift in Sources */ = {isa = PBXBuildFile; fileRef = D864CB6D2A082A1600E1C157 /* CurrentState.swift */; };
		D864CB722A082A1700E1C157 /* Network.swift in Sources */ = {isa = PBXBuildFile; fileRef = D864CB6E2A082A1600E1C157 /* Network.swift */; };
		D864CB732A082A1700E1C157 /* SettingsState.swift in Sources */ = {isa = PBXBuildFile; fileRef = D864CB6F2A082A1700E1C157 /* SettingsState.swift */; };
/* End PBXBuildFile section */

/* Begin PBXFileReference section */
		D864CB5A2A0828F700E1C157 /* AquariumControllerClient.app */ = {isa = PBXFileReference; explicitFileType = wrapper.application; includeInIndex = 0; path = AquariumControllerClient.app; sourceTree = BUILT_PRODUCTS_DIR; };
		D864CB5D2A0828F700E1C157 /* AquariumControllerClientApp.swift */ = {isa = PBXFileReference; lastKnownFileType = sourcecode.swift; path = AquariumControllerClientApp.swift; sourceTree = "<group>"; };
		D864CB5F2A0828F700E1C157 /* ContentView.swift */ = {isa = PBXFileReference; lastKnownFileType = sourcecode.swift; path = ContentView.swift; sourceTree = "<group>"; };
		D864CB612A0828F800E1C157 /* Assets.xcassets */ = {isa = PBXFileReference; lastKnownFileType = folder.assetcatalog; path = Assets.xcassets; sourceTree = "<group>"; };
		D864CB632A0828F800E1C157 /* AquariumControllerClient.entitlements */ = {isa = PBXFileReference; lastKnownFileType = text.plist.entitlements; path = AquariumControllerClient.entitlements; sourceTree = "<group>"; };
		D864CB652A0828F800E1C157 /* Preview Assets.xcassets */ = {isa = PBXFileReference; lastKnownFileType = folder.assetcatalog; path = "Preview Assets.xcassets"; sourceTree = "<group>"; };
		D864CB6C2A082A1600E1C157 /* SettingsView.swift */ = {isa = PBXFileReference; fileEncoding = 4; lastKnownFileType = sourcecode.swift; path = SettingsView.swift; sourceTree = "<group>"; };
		D864CB6D2A082A1600E1C157 /* CurrentState.swift */ = {isa = PBXFileReference; fileEncoding = 4; lastKnownFileType = sourcecode.swift; path = CurrentState.swift; sourceTree = "<group>"; };
		D864CB6E2A082A1600E1C157 /* Network.swift */ = {isa = PBXFileReference; fileEncoding = 4; lastKnownFileType = sourcecode.swift; path = Network.swift; sourceTree = "<group>"; };
		D864CB6F2A082A1700E1C157 /* SettingsState.swift */ = {isa = PBXFileReference; fileEncoding = 4; lastKnownFileType = sourcecode.swift; path = SettingsState.swift; sourceTree = "<group>"; };
		D8E7294C2A0D8B5F00634E08 /* Info.plist */ = {isa = PBXFileReference; lastKnownFileType = text.plist; path = Info.plist; sourceTree = "<group>"; };
/* End PBXFileReference section */

/* Begin PBXFrameworksBuildPhase section */
		D864CB572A0828F700E1C157 /* Frameworks */ = {
			isa = PBXFrameworksBuildPhase;
			buildActionMask = 2147483647;
			files = (
			);
			runOnlyForDeploymentPostprocessing = 0;
		};
/* End PBXFrameworksBuildPhase section */

/* Begin PBXGroup section */
		D864CB512A0828F700E1C157 = {
			isa = PBXGroup;
			children = (
				D864CB5D2A0828F700E1C157 /* AquariumControllerClientApp.swift */,
				D864CB5C2A0828F700E1C157 /* AquariumControllerClient */,
				D864CB5B2A0828F700E1C157 /* Products */,
			);
			sourceTree = "<group>";
		};
		D864CB5B2A0828F700E1C157 /* Products */ = {
			isa = PBXGroup;
			children = (
				D864CB5A2A0828F700E1C157 /* AquariumControllerClient.app */,
			);
			name = Products;
			sourceTree = "<group>";
		};
		D864CB5C2A0828F700E1C157 /* AquariumControllerClient */ = {
			isa = PBXGroup;
			children = (
				D8E7294C2A0D8B5F00634E08 /* Info.plist */,
				D864CB5F2A0828F700E1C157 /* ContentView.swift */,
				D864CB6D2A082A1600E1C157 /* CurrentState.swift */,
				D864CB6E2A082A1600E1C157 /* Network.swift */,
				D864CB6F2A082A1700E1C157 /* SettingsState.swift */,
				D864CB6C2A082A1600E1C157 /* SettingsView.swift */,
				D864CB612A0828F800E1C157 /* Assets.xcassets */,
				D864CB632A0828F800E1C157 /* AquariumControllerClient.entitlements */,
				D864CB642A0828F800E1C157 /* Preview Content */,
			);
			path = AquariumControllerClient;
			sourceTree = "<group>";
		};
		D864CB642A0828F800E1C157 /* Preview Content */ = {
			isa = PBXGroup;
			children = (
				D864CB652A0828F800E1C157 /* Preview Assets.xcassets */,
			);
			path = "Preview Content";
			sourceTree = "<group>";
		};
/* End PBXGroup section */

/* Begin PBXNativeTarget section */
		D864CB592A0828F700E1C157 /* AquariumControllerClient */ = {
			isa = PBXNativeTarget;
			buildConfigurationList = D864CB692A0828F800E1C157 /* Build configuration list for PBXNativeTarget "AquariumControllerClient" */;
			buildPhases = (
				D864CB562A0828F700E1C157 /* Sources */,
				D864CB572A0828F700E1C157 /* Frameworks */,
				D864CB582A0828F700E1C157 /* Resources */,
			);
			buildRules = (
			);
			dependencies = (
			);
			name = AquariumControllerClient;
			productName = AquariumControllerClient;
			productReference = D864CB5A2A0828F700E1C157 /* AquariumControllerClient.app */;
			productType = "com.apple.product-type.application";
		};
/* End PBXNativeTarget section */

/* Begin PBXProject section */
		D864CB522A0828F700E1C157 /* Project object */ = {
			isa = PBXProject;
			attributes = {
				BuildIndependentTargetsInParallel = 1;
				LastSwiftUpdateCheck = 1430;
				LastUpgradeCheck = 1430;
				TargetAttributes = {
					D864CB592A0828F700E1C157 = {
						CreatedOnToolsVersion = 14.3;
					};
				};
			};
			buildConfigurationList = D864CB552A0828F700E1C157 /* Build configuration list for PBXProject "AquariumControllerClient" */;
			compatibilityVersion = "Xcode 14.0";
			developmentRegion = en;
			hasScannedForEncodings = 0;
			knownRegions = (
				en,
				Base,
			);
			mainGroup = D864CB512A0828F700E1C157;
			productRefGroup = D864CB5B2A0828F700E1C157 /* Products */;
			projectDirPath = "";
			projectRoot = "";
			targets = (
				D864CB592A0828F700E1C157 /* AquariumControllerClient */,
			);
		};
/* End PBXProject section */

/* Begin PBXResourcesBuildPhase section */
		D864CB582A0828F700E1C157 /* Resources */ = {
			isa = PBXResourcesBuildPhase;
			buildActionMask = 2147483647;
			files = (
				D864CB662A0828F800E1C157 /* Preview Assets.xcassets in Resources */,
				D864CB622A0828F800E1C157 /* Assets.xcassets in Resources */,
			);
			runOnlyForDeploymentPostprocessing = 0;
		};
/* End PBXResourcesBuildPhase section */

/* Begin PBXSourcesBuildPhase section */
		D864CB562A0828F700E1C157 /* Sources */ = {
			isa = PBXSourcesBuildPhase;
			buildActionMask = 2147483647;
			files = (
				D864CB732A082A1700E1C157 /* SettingsState.swift in Sources */,
				D864CB722A082A1700E1C157 /* Network.swift in Sources */,
				D864CB702A082A1700E1C157 /* SettingsView.swift in Sources */,
				D864CB712A082A1700E1C157 /* CurrentState.swift in Sources */,
				D864CB602A0828F700E1C157 /* ContentView.swift in Sources */,
				D864CB5E2A0828F700E1C157 /* AquariumControllerClientApp.swift in Sources */,
			);
			runOnlyForDeploymentPostprocessing = 0;
		};
/* End PBXSourcesBuildPhase section */

/* Begin XCBuildConfiguration section */
		D864CB672A0828F800E1C157 /* Debug */ = {
			isa = XCBuildConfiguration;
			buildSettings = {
				ALWAYS_SEARCH_USER_PATHS = NO;
				CLANG_ANALYZER_NONNULL = YES;
				CLANG_ANALYZER_NUMBER_OBJECT_CONVERSION = YES_AGGRESSIVE;
				CLANG_CXX_LANGUAGE_STANDARD = "gnu++20";
				CLANG_ENABLE_MODULES = YES;
				CLANG_ENABLE_OBJC_ARC = YES;
				CLANG_ENABLE_OBJC_WEAK = YES;
				CLANG_WARN_BLOCK_CAPTURE_AUTORELEASING = YES;
				CLANG_WARN_BOOL_CONVERSION = YES;
				CLANG_WARN_COMMA = YES;
				CLANG_WARN_CONSTANT_CONVERSION = YES;
				CLANG_WARN_DEPRECATED_OBJC_IMPLEMENTATIONS = YES;
				CLANG_WARN_DIRECT_OBJC_ISA_USAGE = YES_ERROR;
				CLANG_WARN_DOCUMENTATION_COMMENTS = YES;
				CLANG_WARN_EMPTY_BODY = YES;
				CLANG_WARN_ENUM_CONVERSION = YES;
				CLANG_WARN_INFINITE_RECURSION = YES;
				CLANG_WARN_INT_CONVERSION = YES;
				CLANG_WARN_NON_LITERAL_NULL_CONVERSION = YES;
				CLANG_WARN_OBJC_IMPLICIT_RETAIN_SELF = YES;
				CLANG_WARN_OBJC_LITERAL_CONVERSION = YES;
				CLANG_WARN_OBJC_ROOT_CLASS = YES_ERROR;
				CLANG_WARN_QUOTED_INCLUDE_IN_FRAMEWORK_HEADER = YES;
				CLANG_WARN_RANGE_LOOP_ANALYSIS = YES;
				CLANG_WARN_STRICT_PROTOTYPES = YES;
				CLANG_WARN_SUSPICIOUS_MOVE = YES;
				CLANG_WARN_UNGUARDED_AVAILABILITY = YES_AGGRESSIVE;
				CLANG_WARN_UNREACHABLE_CODE = YES;
				CLANG_WARN__DUPLICATE_METHOD_MATCH = YES;
				COPY_PHASE_STRIP = NO;
				DEBUG_INFORMATION_FORMAT = dwarf;
				ENABLE_STRICT_OBJC_MSGSEND = YES;
				ENABLE_TESTABILITY = YES;
				GCC_C_LANGUAGE_STANDARD = gnu11;
				GCC_DYNAMIC_NO_PIC = NO;
				GCC_NO_COMMON_BLOCKS = YES;
				GCC_OPTIMIZATION_LEVEL = 0;
				GCC_PREPROCESSOR_DEFINITIONS = (
					"DEBUG=1",
					"$(inherited)",
				);
				GCC_WARN_64_TO_32_BIT_CONVERSION = YES;
				GCC_WARN_ABOUT_RETURN_TYPE = YES_ERROR;
				GCC_WARN_UNDECLARED_SELECTOR = YES;
				GCC_WARN_UNINITIALIZED_AUTOS = YES_AGGRESSIVE;
				GCC_WARN_UNUSED_FUNCTION = YES;
				GCC_WARN_UNUSED_VARIABLE = YES;
				MTL_ENABLE_DEBUG_INFO = INCLUDE_SOURCE;
				MTL_FAST_MATH = YES;
				ONLY_ACTIVE_ARCH = YES;
				SWIFT_ACTIVE_COMPILATION_CONDITIONS = DEBUG;
				SWIFT_OPTIMIZATION_LEVEL = "-Onone";
			};
			name = Debug;
		};
		D864CB682A0828F800E1C157 /* Release */ = {
			isa = XCBuildConfiguration;
			buildSettings = {
				ALWAYS_SEARCH_USER_PATHS = NO;
				CLANG_ANALYZER_NONNULL = YES;
				CLANG_ANALYZER_NUMBER_OBJECT_CONVERSION = YES_AGGRESSIVE;
				CLANG_CXX_LANGUAGE_STANDARD = "gnu++20";
				CLANG_ENABLE_MODULES = YES;
				CLANG_ENABLE_OBJC_ARC = YES;
				CLANG_ENABLE_OBJC_WEAK = YES;
				CLANG_WARN_BLOCK_CAPTURE_AUTORELEASING = YES;
				CLANG_WARN_BOOL_CONVERSION = YES;
				CLANG_WARN_COMMA = YES;
				CLANG_WARN_CONSTANT_CONVERSION = YES;
				CLANG_WARN_DEPRECATED_OBJC_IMPLEMENTATIONS = YES;
				CLANG_WARN_DIRECT_OBJC_ISA_USAGE = YES_ERROR;
				CLANG_WARN_DOCUMENTATION_COMMENTS = YES;
				CLANG_WARN_EMPTY_BODY = YES;
				CLANG_WARN_ENUM_CONVERSION = YES;
				CLANG_WARN_INFINITE_RECURSION = YES;
				CLANG_WARN_INT_CONVERSION = YES;
				CLANG_WARN_NON_LITERAL_NULL_CONVERSION = YES;
				CLANG_WARN_OBJC_IMPLICIT_RETAIN_SELF = YES;
				CLANG_WARN_OBJC_LITERAL_CONVERSION = YES;
				CLANG_WARN_OBJC_ROOT_CLASS = YES_ERROR;
				CLANG_WARN_QUOTED_INCLUDE_IN_FRAMEWORK_HEADER = YES;
				CLANG_WARN_RANGE_LOOP_ANALYSIS = YES;
				CLANG_WARN_STRICT_PROTOTYPES = YES;
				CLANG_WARN_SUSPICIOUS_MOVE = YES;
				CLANG_WARN_UNGUARDED_AVAILABILITY = YES_AGGRESSIVE;
				CLANG_WARN_UNREACHABLE_CODE = YES;
				CLANG_WARN__DUPLICATE_METHOD_MATCH = YES;
				COPY_PHASE_STRIP = NO;
				DEBUG_INFORMATION_FORMAT = "dwarf-with-dsym";
				ENABLE_NS_ASSERTIONS = NO;
				ENABLE_STRICT_OBJC_MSGSEND = YES;
				GCC_C_LANGUAGE_STANDARD = gnu11;
				GCC_NO_COMMON_BLOCKS = YES;
				GCC_WARN_64_TO_32_BIT_CONVERSION = YES;
				GCC_WARN_ABOUT_RETURN_TYPE = YES_ERROR;
				GCC_WARN_UNDECLARED_SELECTOR = YES;
				GCC_WARN_UNINITIALIZED_AUTOS = YES_AGGRESSIVE;
				GCC_WARN_UNUSED_FUNCTION = YES;
				GCC_WARN_UNUSED_VARIABLE = YES;
				MTL_ENABLE_DEBUG_INFO = NO;
				MTL_FAST_MATH = YES;
				SWIFT_COMPILATION_MODE = wholemodule;
				SWIFT_OPTIMIZATION_LEVEL = "-O";
			};
			name = Release;
		};
		D864CB6A2A0828F800E1C157 /* Debug */ = {
			isa = XCBuildConfiguration;
			buildSettings = {
				ASSETCATALOG_COMPILER_APPICON_NAME = AppIcon;
				ASSETCATALOG_COMPILER_GLOBAL_ACCENT_COLOR_NAME = AccentColor;
				CODE_SIGN_ENTITLEMENTS = AquariumControllerClient/AquariumControllerClient.entitlements;
				CODE_SIGN_STYLE = Automatic;
				CURRENT_PROJECT_VERSION = 1;
				DEVELOPMENT_ASSET_PATHS = "\"AquariumControllerClient/Preview Content\"";
				DEVELOPMENT_TEAM = DTT7NYTYUQ;
				ENABLE_HARDENED_RUNTIME = YES;
				ENABLE_PREVIEWS = YES;
				GENERATE_INFOPLIST_FILE = YES;
				INFOPLIST_FILE = AquariumControllerClient/Info.plist;
				INFOPLIST_KEY_CFBundleDisplayName = "AQ Controller";
				INFOPLIST_KEY_LSApplicationCategoryType = "public.app-category.utilities";
				"INFOPLIST_KEY_UIApplicationSceneManifest_Generation[sdk=iphoneos*]" = YES;
				"INFOPLIST_KEY_UIApplicationSceneManifest_Generation[sdk=iphonesimulator*]" = YES;
				"INFOPLIST_KEY_UIApplicationSupportsIndirectInputEvents[sdk=iphoneos*]" = YES;
				"INFOPLIST_KEY_UIApplicationSupportsIndirectInputEvents[sdk=iphonesimulator*]" = YES;
				"INFOPLIST_KEY_UILaunchScreen_Generation[sdk=iphoneos*]" = YES;
				"INFOPLIST_KEY_UILaunchScreen_Generation[sdk=iphonesimulator*]" = YES;
				INFOPLIST_KEY_UIStatusBarStyle = "";
				"INFOPLIST_KEY_UIStatusBarStyle[sdk=iphoneos*]" = UIStatusBarStyleDefault;
				"INFOPLIST_KEY_UIStatusBarStyle[sdk=iphonesimulator*]" = UIStatusBarStyleDefault;
				INFOPLIST_KEY_UISupportedInterfaceOrientations = "UIInterfaceOrientationPortrait UIInterfaceOrientationPortraitUpsideDown";
				IPHONEOS_DEPLOYMENT_TARGET = 16.1;
				LD_RUNPATH_SEARCH_PATHS = "@executable_path/Frameworks";
				"LD_RUNPATH_SEARCH_PATHS[sdk=macosx*]" = "@executable_path/../Frameworks";
				MACOSX_DEPLOYMENT_TARGET = 13.3;
				MARKETING_VERSION = 1.0;
				PRODUCT_BUNDLE_IDENTIFIER = com.connorwilliams.AquariumControllerClient;
				PRODUCT_NAME = "$(TARGET_NAME)";
				SDKROOT = auto;
				SUPPORTED_PLATFORMS = "iphoneos iphonesimulator macosx";
				SWIFT_EMIT_LOC_STRINGS = YES;
				SWIFT_VERSION = 5.0;
				TARGETED_DEVICE_FAMILY = "1,2";
			};
			name = Debug;
		};
		D864CB6B2A0828F800E1C157 /* Release */ = {
			isa = XCBuildConfiguration;
			buildSettings = {
				ASSETCATALOG_COMPILER_APPICON_NAME = AppIcon;
				ASSETCATALOG_COMPILER_GLOBAL_ACCENT_COLOR_NAME = AccentColor;
				CODE_SIGN_ENTITLEMENTS = AquariumControllerClient/AquariumControllerClient.entitlements;
				CODE_SIGN_STYLE = Automatic;
				CURRENT_PROJECT_VERSION = 1;
				DEVELOPMENT_ASSET_PATHS = "\"AquariumControllerClient/Preview Content\"";
				DEVELOPMENT_TEAM = DTT7NYTYUQ;
				ENABLE_HARDENED_RUNTIME = YES;
				ENABLE_PREVIEWS = YES;
				GENERATE_INFOPLIST_FILE = YES;
				INFOPLIST_FILE = AquariumControllerClient/Info.plist;
				INFOPLIST_KEY_CFBundleDisplayName = "AQ Controller";
				INFOPLIST_KEY_LSApplicationCategoryType = "public.app-category.utilities";
				"INFOPLIST_KEY_UIApplicationSceneManifest_Generation[sdk=iphoneos*]" = YES;
				"INFOPLIST_KEY_UIApplicationSceneManifest_Generation[sdk=iphonesimulator*]" = YES;
				"INFOPLIST_KEY_UIApplicationSupportsIndirectInputEvents[sdk=iphoneos*]" = YES;
				"INFOPLIST_KEY_UIApplicationSupportsIndirectInputEvents[sdk=iphonesimulator*]" = YES;
				"INFOPLIST_KEY_UILaunchScreen_Generation[sdk=iphoneos*]" = YES;
				"INFOPLIST_KEY_UILaunchScreen_Generation[sdk=iphonesimulator*]" = YES;
				INFOPLIST_KEY_UIStatusBarStyle = "";
				"INFOPLIST_KEY_UIStatusBarStyle[sdk=iphoneos*]" = UIStatusBarStyleDefault;
				"INFOPLIST_KEY_UIStatusBarStyle[sdk=iphonesimulator*]" = UIStatusBarStyleDefault;
				INFOPLIST_KEY_UISupportedInterfaceOrientations = "UIInterfaceOrientationPortrait UIInterfaceOrientationPortraitUpsideDown";
				IPHONEOS_DEPLOYMENT_TARGET = 16.1;
				LD_RUNPATH_SEARCH_PATHS = "@executable_path/Frameworks";
				"LD_RUNPATH_SEARCH_PATHS[sdk=macosx*]" = "@executable_path/../Frameworks";
				MACOSX_DEPLOYMENT_TARGET = 13.3;
				MARKETING_VERSION = 1.0;
				PRODUCT_BUNDLE_IDENTIFIER = com.connorwilliams.AquariumControllerClient;
				PRODUCT_NAME = "$(TARGET_NAME)";
				SDKROOT = auto;
				SUPPORTED_PLATFORMS = "iphoneos iphonesimulator macosx";
				SWIFT_EMIT_LOC_STRINGS = YES;
				SWIFT_VERSION = 5.0;
				TARGETED_DEVICE_FAMILY = "1,2";
			};
			name = Release;
		};
/* End XCBuildConfiguration section */

/* Begin XCConfigurationList section */
		D864CB552A0828F700E1C157 /* Build configuration list for PBXProject "AquariumControllerClient" */ = {
			isa = XCConfigurationList;
			buildConfigurations = (
				D864CB672A0828F800E1C157 /* Debug */,
				D864CB682A0828F800E1C157 /* Release */,
			);
			defaultConfigurationIsVisible = 0;
			defaultConfigurationName = Release;
		};
		D864CB692A0828F800E1C157 /* Build configuration list for PBXNativeTarget "AquariumControllerClient" */ = {
			isa = XCConfigurationList;
			buildConfigurations = (
				D864CB6A2A0828F800E1C157 /* Debug */,
				D864CB6B2A0828F800E1C157 /* Release */,
			);
			defaultConfigurationIsVisible = 0;
			defaultConfigurationName = Release;
		};
/* End XCConfigurationList section */
	};
	rootObject = D864CB522A0828F700E1C157 /* Project object */;
}
