// !$*UTF8*$!
{
	archiveVersion = 1;
	classes = {
	};
	objectVersion = 56;
	objects = {

/* Begin PBXBuildFile section */
		D80FB85E2C37033000975D90 /* GeneralSettingView.swift in Sources */ = {isa = PBXBuildFile; fileRef = D80FB85D2C37033000975D90 /* GeneralSettingView.swift */; };
		D80FB8622C3722D100975D90 /* GeneralSettingEditView.swift in Sources */ = {isa = PBXBuildFile; fileRef = D80FB8612C3722D100975D90 /* GeneralSettingEditView.swift */; };
		D80FB8642C3722E400975D90 /* AlarmView.swift in Sources */ = {isa = PBXBuildFile; fileRef = D80FB8632C3722E400975D90 /* AlarmView.swift */; };
		D80FB8662C3722F400975D90 /* AlarmEditView.swift in Sources */ = {isa = PBXBuildFile; fileRef = D80FB8652C3722F400975D90 /* AlarmEditView.swift */; };
		D812DD5D2A9A66370034ACBA /* HomeView.swift in Sources */ = {isa = PBXBuildFile; fileRef = D812DD5C2A9A66370034ACBA /* HomeView.swift */; };
		D8481DAC2AAD61360081288B /* MultiComponentPicker.swift in Sources */ = {isa = PBXBuildFile; fileRef = D8481DAB2AAD61360081288B /* MultiComponentPicker.swift */; };
		D864CB5E2A0828F700E1C157 /* AquariumControllerClientApp.swift in Sources */ = {isa = PBXBuildFile; fileRef = D864CB5D2A0828F700E1C157 /* AquariumControllerClientApp.swift */; };
		D864CB602A0828F700E1C157 /* ContentView.swift in Sources */ = {isa = PBXBuildFile; fileRef = D864CB5F2A0828F700E1C157 /* ContentView.swift */; };
		D864CB622A0828F800E1C157 /* Assets.xcassets in Resources */ = {isa = PBXBuildFile; fileRef = D864CB612A0828F800E1C157 /* Assets.xcassets */; };
		D864CB662A0828F800E1C157 /* Preview Assets.xcassets in Resources */ = {isa = PBXBuildFile; fileRef = D864CB652A0828F800E1C157 /* Preview Assets.xcassets */; };
		D864CB702A082A1700E1C157 /* SettingsView.swift in Sources */ = {isa = PBXBuildFile; fileRef = D864CB6C2A082A1600E1C157 /* SettingsView.swift */; };
		D864CB712A082A1700E1C157 /* ControllerState.swift in Sources */ = {isa = PBXBuildFile; fileRef = D864CB6D2A082A1600E1C157 /* ControllerState.swift */; };
		D864CB722A082A1700E1C157 /* Network.swift in Sources */ = {isa = PBXBuildFile; fileRef = D864CB6E2A082A1600E1C157 /* Network.swift */; };
		D864CB732A082A1700E1C157 /* SettingsState.swift in Sources */ = {isa = PBXBuildFile; fileRef = D864CB6F2A082A1700E1C157 /* SettingsState.swift */; };
		D872199E2A3C0E3A008A9387 /* AqControllerMessage.swift in Sources */ = {isa = PBXBuildFile; fileRef = D872199D2A3C0E3A008A9387 /* AqControllerMessage.swift */; };
		D889B9422A4670820083FA0A /* DeviceView.swift in Sources */ = {isa = PBXBuildFile; fileRef = D889B9412A4670820083FA0A /* DeviceView.swift */; };
		D898A2EC2AAE1B600061A234 /* DatePickerView.swift in Sources */ = {isa = PBXBuildFile; fileRef = D898A2EB2AAE1B600061A234 /* DatePickerView.swift */; };
		D8B74ACA2C3B4CF2009BF815 /* Alarm.swift in Sources */ = {isa = PBXBuildFile; fileRef = D8B74AC92C3B4CF2009BF815 /* Alarm.swift */; };
		D8B74ACC2C3B4D06009BF815 /* Task.swift in Sources */ = {isa = PBXBuildFile; fileRef = D8B74ACB2C3B4D06009BF815 /* Task.swift */; };
		D8B74ACE2C3B4D14009BF815 /* GeneralSetting.swift in Sources */ = {isa = PBXBuildFile; fileRef = D8B74ACD2C3B4D14009BF815 /* GeneralSetting.swift */; };
		D8B74AD02C3B4D6B009BF815 /* Sensor.swift in Sources */ = {isa = PBXBuildFile; fileRef = D8B74ACF2C3B4D6B009BF815 /* Sensor.swift */; };
		D8B74AD22C3B4D74009BF815 /* Device.swift in Sources */ = {isa = PBXBuildFile; fileRef = D8B74AD12C3B4D74009BF815 /* Device.swift */; };
		D8C8625A2A9AD30C006217F6 /* ParametersView.swift in Sources */ = {isa = PBXBuildFile; fileRef = D8C862592A9AD30C006217F6 /* ParametersView.swift */; };
		D8C8625C2A9BA7D8006217F6 /* ControlCenterView.swift in Sources */ = {isa = PBXBuildFile; fileRef = D8C8625B2A9BA7D8006217F6 /* ControlCenterView.swift */; };
		D8C862632A9D7334006217F6 /* TaskSummaryView.swift in Sources */ = {isa = PBXBuildFile; fileRef = D8C862622A9D7334006217F6 /* TaskSummaryView.swift */; };
		D8C862652A9EE8B0006217F6 /* TaskDetailedView.swift in Sources */ = {isa = PBXBuildFile; fileRef = D8C862642A9EE8B0006217F6 /* TaskDetailedView.swift */; };
		D8C862672A9EE952006217F6 /* connectedTaskSummaryView.swift in Sources */ = {isa = PBXBuildFile; fileRef = D8C862662A9EE952006217F6 /* connectedTaskSummaryView.swift */; };
		D8DA0B112C4F4CEB00CF8FF1 /* MyEnvironment.swift in Sources */ = {isa = PBXBuildFile; fileRef = D8DA0B102C4F4CEB00CF8FF1 /* MyEnvironment.swift */; };
		D8E5715F2A9FC0D000B8EC07 /* HashableClass.swift in Sources */ = {isa = PBXBuildFile; fileRef = D8E5715E2A9FC0D000B8EC07 /* HashableClass.swift */; };
		D8E571632AA0188D00B8EC07 /* ThermostatDetailedView.swift in Sources */ = {isa = PBXBuildFile; fileRef = D8E571622AA0188D00B8EC07 /* ThermostatDetailedView.swift */; };
		D8FC0CC62A93AB4900CF828C /* AqController.swift in Sources */ = {isa = PBXBuildFile; fileRef = D8FC0CC52A93AB4900CF828C /* AqController.swift */; };
		D8FD39392A4B2B940074B1FD /* SensorView.swift in Sources */ = {isa = PBXBuildFile; fileRef = D8FD39382A4B2B940074B1FD /* SensorView.swift */; };
/* End PBXBuildFile section */

/* Begin PBXFileReference section */
		D80FB85D2C37033000975D90 /* GeneralSettingView.swift */ = {isa = PBXFileReference; lastKnownFileType = sourcecode.swift; path = GeneralSettingView.swift; sourceTree = "<group>"; };
		D80FB8612C3722D100975D90 /* GeneralSettingEditView.swift */ = {isa = PBXFileReference; lastKnownFileType = sourcecode.swift; path = GeneralSettingEditView.swift; sourceTree = "<group>"; };
		D80FB8632C3722E400975D90 /* AlarmView.swift */ = {isa = PBXFileReference; lastKnownFileType = sourcecode.swift; path = AlarmView.swift; sourceTree = "<group>"; };
		D80FB8652C3722F400975D90 /* AlarmEditView.swift */ = {isa = PBXFileReference; lastKnownFileType = sourcecode.swift; path = AlarmEditView.swift; sourceTree = "<group>"; };
		D812DD5C2A9A66370034ACBA /* HomeView.swift */ = {isa = PBXFileReference; lastKnownFileType = sourcecode.swift; path = HomeView.swift; sourceTree = "<group>"; };
		D8481DAB2AAD61360081288B /* MultiComponentPicker.swift */ = {isa = PBXFileReference; lastKnownFileType = sourcecode.swift; path = MultiComponentPicker.swift; sourceTree = "<group>"; };
		D864CB5A2A0828F700E1C157 /* AquariumControllerClient.app */ = {isa = PBXFileReference; explicitFileType = wrapper.application; includeInIndex = 0; path = AquariumControllerClient.app; sourceTree = BUILT_PRODUCTS_DIR; };
		D864CB5D2A0828F700E1C157 /* AquariumControllerClientApp.swift */ = {isa = PBXFileReference; lastKnownFileType = sourcecode.swift; path = AquariumControllerClientApp.swift; sourceTree = "<group>"; };
		D864CB5F2A0828F700E1C157 /* ContentView.swift */ = {isa = PBXFileReference; lastKnownFileType = sourcecode.swift; path = ContentView.swift; sourceTree = "<group>"; };
		D864CB612A0828F800E1C157 /* Assets.xcassets */ = {isa = PBXFileReference; lastKnownFileType = folder.assetcatalog; path = Assets.xcassets; sourceTree = "<group>"; };
		D864CB632A0828F800E1C157 /* AquariumControllerClient.entitlements */ = {isa = PBXFileReference; lastKnownFileType = text.plist.entitlements; path = AquariumControllerClient.entitlements; sourceTree = "<group>"; };
		D864CB652A0828F800E1C157 /* Preview Assets.xcassets */ = {isa = PBXFileReference; lastKnownFileType = folder.assetcatalog; path = "Preview Assets.xcassets"; sourceTree = "<group>"; };
		D864CB6C2A082A1600E1C157 /* SettingsView.swift */ = {isa = PBXFileReference; fileEncoding = 4; lastKnownFileType = sourcecode.swift; path = SettingsView.swift; sourceTree = "<group>"; usesTabs = 0; };
		D864CB6D2A082A1600E1C157 /* ControllerState.swift */ = {isa = PBXFileReference; fileEncoding = 4; lastKnownFileType = sourcecode.swift; path = ControllerState.swift; sourceTree = "<group>"; };
		D864CB6E2A082A1600E1C157 /* Network.swift */ = {isa = PBXFileReference; fileEncoding = 4; lastKnownFileType = sourcecode.swift; path = Network.swift; sourceTree = "<group>"; };
		D864CB6F2A082A1700E1C157 /* SettingsState.swift */ = {isa = PBXFileReference; fileEncoding = 4; lastKnownFileType = sourcecode.swift; path = SettingsState.swift; sourceTree = "<group>"; };
		D872199D2A3C0E3A008A9387 /* AqControllerMessage.swift */ = {isa = PBXFileReference; lastKnownFileType = sourcecode.swift; path = AqControllerMessage.swift; sourceTree = "<group>"; };
		D87BC3F92AB222D1003D5916 /* AquariumControllerClientDebug.entitlements */ = {isa = PBXFileReference; lastKnownFileType = text.plist.entitlements; path = AquariumControllerClientDebug.entitlements; sourceTree = "<group>"; };
		D889B9412A4670820083FA0A /* DeviceView.swift */ = {isa = PBXFileReference; lastKnownFileType = sourcecode.swift; path = DeviceView.swift; sourceTree = "<group>"; };
		D898A2EB2AAE1B600061A234 /* DatePickerView.swift */ = {isa = PBXFileReference; lastKnownFileType = sourcecode.swift; path = DatePickerView.swift; sourceTree = "<group>"; };
		D8B74AC92C3B4CF2009BF815 /* Alarm.swift */ = {isa = PBXFileReference; lastKnownFileType = sourcecode.swift; path = Alarm.swift; sourceTree = "<group>"; };
		D8B74ACB2C3B4D06009BF815 /* Task.swift */ = {isa = PBXFileReference; lastKnownFileType = sourcecode.swift; path = Task.swift; sourceTree = "<group>"; };
		D8B74ACD2C3B4D14009BF815 /* GeneralSetting.swift */ = {isa = PBXFileReference; lastKnownFileType = sourcecode.swift; path = GeneralSetting.swift; sourceTree = "<group>"; };
		D8B74ACF2C3B4D6B009BF815 /* Sensor.swift */ = {isa = PBXFileReference; lastKnownFileType = sourcecode.swift; path = Sensor.swift; sourceTree = "<group>"; };
		D8B74AD12C3B4D74009BF815 /* Device.swift */ = {isa = PBXFileReference; lastKnownFileType = sourcecode.swift; path = Device.swift; sourceTree = "<group>"; };
		D8C862592A9AD30C006217F6 /* ParametersView.swift */ = {isa = PBXFileReference; lastKnownFileType = sourcecode.swift; path = ParametersView.swift; sourceTree = "<group>"; };
		D8C8625B2A9BA7D8006217F6 /* ControlCenterView.swift */ = {isa = PBXFileReference; lastKnownFileType = sourcecode.swift; path = ControlCenterView.swift; sourceTree = "<group>"; };
		D8C862622A9D7334006217F6 /* TaskSummaryView.swift */ = {isa = PBXFileReference; lastKnownFileType = sourcecode.swift; path = TaskSummaryView.swift; sourceTree = "<group>"; };
		D8C862642A9EE8B0006217F6 /* TaskDetailedView.swift */ = {isa = PBXFileReference; lastKnownFileType = sourcecode.swift; path = TaskDetailedView.swift; sourceTree = "<group>"; };
		D8C862662A9EE952006217F6 /* connectedTaskSummaryView.swift */ = {isa = PBXFileReference; lastKnownFileType = sourcecode.swift; path = connectedTaskSummaryView.swift; sourceTree = "<group>"; };
		D8DA0B102C4F4CEB00CF8FF1 /* MyEnvironment.swift */ = {isa = PBXFileReference; lastKnownFileType = sourcecode.swift; path = MyEnvironment.swift; sourceTree = "<group>"; };
		D8E5715E2A9FC0D000B8EC07 /* HashableClass.swift */ = {isa = PBXFileReference; lastKnownFileType = sourcecode.swift; path = HashableClass.swift; sourceTree = "<group>"; };
		D8E571622AA0188D00B8EC07 /* ThermostatDetailedView.swift */ = {isa = PBXFileReference; lastKnownFileType = sourcecode.swift; path = ThermostatDetailedView.swift; sourceTree = "<group>"; };
		D8E7294C2A0D8B5F00634E08 /* Info.plist */ = {isa = PBXFileReference; lastKnownFileType = text.plist; path = Info.plist; sourceTree = "<group>"; };
		D8FC0CC52A93AB4900CF828C /* AqController.swift */ = {isa = PBXFileReference; lastKnownFileType = sourcecode.swift; path = AqController.swift; sourceTree = "<group>"; };
		D8FD39382A4B2B940074B1FD /* SensorView.swift */ = {isa = PBXFileReference; lastKnownFileType = sourcecode.swift; path = SensorView.swift; sourceTree = "<group>"; };
/* End PBXFileReference section */

/* Begin PBXFrameworksBuildPhase section */
		D864CB572A0828F700E1C157 /* Frameworks */ = {
			isa = PBXFrameworksBuildPhase;
			buildActionMask = 2147483647;
			files = (
			);
			runOnlyForDeploymentPostprocessing = 0;
		};
/* End PBXFrameworksBuildPhase section */

/* Begin PBXGroup section */
		D80FB85C2C37028F00975D90 /* Tasks */ = {
			isa = PBXGroup;
			children = (
				D8C862622A9D7334006217F6 /* TaskSummaryView.swift */,
				D8C862662A9EE952006217F6 /* connectedTaskSummaryView.swift */,
				D8C862642A9EE8B0006217F6 /* TaskDetailedView.swift */,
				D898A2EB2AAE1B600061A234 /* DatePickerView.swift */,
				D8481DAB2AAD61360081288B /* MultiComponentPicker.swift */,
			);
			name = Tasks;
			sourceTree = "<group>";
		};
		D80FB85F2C37228200975D90 /* Alarms */ = {
			isa = PBXGroup;
			children = (
				D80FB8632C3722E400975D90 /* AlarmView.swift */,
				D80FB8652C3722F400975D90 /* AlarmEditView.swift */,
			);
			name = Alarms;
			sourceTree = "<group>";
		};
		D80FB8602C37228D00975D90 /* GeneralSettings */ = {
			isa = PBXGroup;
			children = (
				D80FB85D2C37033000975D90 /* GeneralSettingView.swift */,
				D80FB8612C3722D100975D90 /* GeneralSettingEditView.swift */,
			);
			name = GeneralSettings;
			sourceTree = "<group>";
		};
		D81EFC4B2A9AC7540072F292 /* HomeView */ = {
			isa = PBXGroup;
			children = (
				D812DD5C2A9A66370034ACBA /* HomeView.swift */,
				D8C862592A9AD30C006217F6 /* ParametersView.swift */,
				D8C8625B2A9BA7D8006217F6 /* ControlCenterView.swift */,
				D8FD39382A4B2B940074B1FD /* SensorView.swift */,
				D889B9412A4670820083FA0A /* DeviceView.swift */,
			);
			name = HomeView;
			sourceTree = "<group>";
		};
		D864CB512A0828F700E1C157 = {
			isa = PBXGroup;
			children = (
				D864CB5D2A0828F700E1C157 /* AquariumControllerClientApp.swift */,
				D864CB5C2A0828F700E1C157 /* AquariumControllerClient */,
				D864CB5B2A0828F700E1C157 /* Products */,
			);
			sourceTree = "<group>";
		};
		D864CB5B2A0828F700E1C157 /* Products */ = {
			isa = PBXGroup;
			children = (
				D864CB5A2A0828F700E1C157 /* AquariumControllerClient.app */,
			);
			name = Products;
			sourceTree = "<group>";
		};
		D864CB5C2A0828F700E1C157 /* AquariumControllerClient */ = {
			isa = PBXGroup;
			children = (
				D87BC3F92AB222D1003D5916 /* AquariumControllerClientDebug.entitlements */,
				D8E7294C2A0D8B5F00634E08 /* Info.plist */,
				D889B9432A4677070083FA0A /* Views */,
				D8FC0CC52A93AB4900CF828C /* AqController.swift */,
				D8B74AC82C3B4C9D009BF815 /* ControllerState */,
				D864CB6E2A082A1600E1C157 /* Network.swift */,
				D8DA0B102C4F4CEB00CF8FF1 /* MyEnvironment.swift */,
				D864CB6F2A082A1700E1C157 /* SettingsState.swift */,
				D872199D2A3C0E3A008A9387 /* AqControllerMessage.swift */,
				D864CB612A0828F800E1C157 /* Assets.xcassets */,
				D864CB632A0828F800E1C157 /* AquariumControllerClient.entitlements */,
				D864CB642A0828F800E1C157 /* Preview Content */,
			);
			path = AquariumControllerClient;
			sourceTree = "<group>";
		};
		D864CB642A0828F800E1C157 /* Preview Content */ = {
			isa = PBXGroup;
			children = (
				D864CB652A0828F800E1C157 /* Preview Assets.xcassets */,
			);
			path = "Preview Content";
			sourceTree = "<group>";
		};
		D889B9432A4677070083FA0A /* Views */ = {
			isa = PBXGroup;
			children = (
				D864CB5F2A0828F700E1C157 /* ContentView.swift */,
				D81EFC4B2A9AC7540072F292 /* HomeView */,
				D8C8625D2A9D0EC8006217F6 /* SettingsView */,
			);
			name = Views;
			sourceTree = "<group>";
		};
		D8B74AC82C3B4C9D009BF815 /* ControllerState */ = {
			isa = PBXGroup;
			children = (
				D864CB6D2A082A1600E1C157 /* ControllerState.swift */,
				D8E5715E2A9FC0D000B8EC07 /* HashableClass.swift */,
				D8B74AC92C3B4CF2009BF815 /* Alarm.swift */,
				D8B74ACD2C3B4D14009BF815 /* GeneralSetting.swift */,
				D8B74ACB2C3B4D06009BF815 /* Task.swift */,
				D8B74ACF2C3B4D6B009BF815 /* Sensor.swift */,
				D8B74AD12C3B4D74009BF815 /* Device.swift */,
			);
			name = ControllerState;
			sourceTree = "<group>";
		};
		D8C8625D2A9D0EC8006217F6 /* SettingsView */ = {
			isa = PBXGroup;
			children = (
				D80FB8602C37228D00975D90 /* GeneralSettings */,
				D80FB85F2C37228200975D90 /* Alarms */,
				D80FB85C2C37028F00975D90 /* Tasks */,
				D864CB6C2A082A1600E1C157 /* SettingsView.swift */,
				D8E571622AA0188D00B8EC07 /* ThermostatDetailedView.swift */,
			);
			name = SettingsView;
			sourceTree = "<group>";
		};
/* End PBXGroup section */

/* Begin PBXNativeTarget section */
		D864CB592A0828F700E1C157 /* AquariumControllerClient */ = {
			isa = PBXNativeTarget;
			buildConfigurationList = D864CB692A0828F800E1C157 /* Build configuration list for PBXNativeTarget "AquariumControllerClient" */;
			buildPhases = (
				D864CB562A0828F700E1C157 /* Sources */,
				D864CB572A0828F700E1C157 /* Frameworks */,
				D864CB582A0828F700E1C157 /* Resources */,
			);
			buildRules = (
			);
			dependencies = (
			);
			name = AquariumControllerClient;
			productName = AquariumControllerClient;
			productReference = D864CB5A2A0828F700E1C157 /* AquariumControllerClient.app */;
			productType = "com.apple.product-type.application";
		};
/* End PBXNativeTarget section */

/* Begin PBXProject section */
		D864CB522A0828F700E1C157 /* Project object */ = {
			isa = PBXProject;
			attributes = {
				BuildIndependentTargetsInParallel = 1;
				LastSwiftUpdateCheck = 1430;
				LastUpgradeCheck = 1500;
				TargetAttributes = {
					D864CB592A0828F700E1C157 = {
						CreatedOnToolsVersion = 14.3;
					};
				};
			};
			buildConfigurationList = D864CB552A0828F700E1C157 /* Build configuration list for PBXProject "AquariumControllerClient" */;
			compatibilityVersion = "Xcode 14.0";
			developmentRegion = en;
			hasScannedForEncodings = 0;
			knownRegions = (
				en,
				Base,
			);
			mainGroup = D864CB512A0828F700E1C157;
			productRefGroup = D864CB5B2A0828F700E1C157 /* Products */;
			projectDirPath = "";
			projectRoot = "";
			targets = (
				D864CB592A0828F700E1C157 /* AquariumControllerClient */,
			);
		};
/* End PBXProject section */

/* Begin PBXResourcesBuildPhase section */
		D864CB582A0828F700E1C157 /* Resources */ = {
			isa = PBXResourcesBuildPhase;
			buildActionMask = 2147483647;
			files = (
				D864CB662A0828F800E1C157 /* Preview Assets.xcassets in Resources */,
				D864CB622A0828F800E1C157 /* Assets.xcassets in Resources */,
			);
			runOnlyForDeploymentPostprocessing = 0;
		};
/* End PBXResourcesBuildPhase section */

/* Begin PBXSourcesBuildPhase section */
		D864CB562A0828F700E1C157 /* Sources */ = {
			isa = PBXSourcesBuildPhase;
			buildActionMask = 2147483647;
			files = (
				D864CB732A082A1700E1C157 /* SettingsState.swift in Sources */,
				D872199E2A3C0E3A008A9387 /* AqControllerMessage.swift in Sources */,
				D8FD39392A4B2B940074B1FD /* SensorView.swift in Sources */,
				D8FC0CC62A93AB4900CF828C /* AqController.swift in Sources */,
				D864CB722A082A1700E1C157 /* Network.swift in Sources */,
				D8C8625C2A9BA7D8006217F6 /* ControlCenterView.swift in Sources */,
				D80FB85E2C37033000975D90 /* GeneralSettingView.swift in Sources */,
				D898A2EC2AAE1B600061A234 /* DatePickerView.swift in Sources */,
				D8B74ACE2C3B4D14009BF815 /* GeneralSetting.swift in Sources */,
				D8B74ACC2C3B4D06009BF815 /* Task.swift in Sources */,
				D8B74AD22C3B4D74009BF815 /* Device.swift in Sources */,
				D80FB8662C3722F400975D90 /* AlarmEditView.swift in Sources */,
				D8C862632A9D7334006217F6 /* TaskSummaryView.swift in Sources */,
				D812DD5D2A9A66370034ACBA /* HomeView.swift in Sources */,
				D8B74AD02C3B4D6B009BF815 /* Sensor.swift in Sources */,
				D80FB8642C3722E400975D90 /* AlarmView.swift in Sources */,
				D8B74ACA2C3B4CF2009BF815 /* Alarm.swift in Sources */,
				D8C862672A9EE952006217F6 /* connectedTaskSummaryView.swift in Sources */,
				D8481DAC2AAD61360081288B /* MultiComponentPicker.swift in Sources */,
				D8DA0B112C4F4CEB00CF8FF1 /* MyEnvironment.swift in Sources */,
				D864CB702A082A1700E1C157 /* SettingsView.swift in Sources */,
				D864CB712A082A1700E1C157 /* ControllerState.swift in Sources */,
				D8E571632AA0188D00B8EC07 /* ThermostatDetailedView.swift in Sources */,
				D864CB602A0828F700E1C157 /* ContentView.swift in Sources */,
				D80FB8622C3722D100975D90 /* GeneralSettingEditView.swift in Sources */,
				D889B9422A4670820083FA0A /* DeviceView.swift in Sources */,
				D8C862652A9EE8B0006217F6 /* TaskDetailedView.swift in Sources */,
				D8C8625A2A9AD30C006217F6 /* ParametersView.swift in Sources */,
				D8E5715F2A9FC0D000B8EC07 /* HashableClass.swift in Sources */,
				D864CB5E2A0828F700E1C157 /* AquariumControllerClientApp.swift in Sources */,
			);
			runOnlyForDeploymentPostprocessing = 0;
		};
/* End PBXSourcesBuildPhase section */

/* Begin XCBuildConfiguration section */
		D864CB672A0828F800E1C157 /* Debug */ = {
			isa = XCBuildConfiguration;
			buildSettings = {
				ALWAYS_SEARCH_USER_PATHS = NO;
				CLANG_ANALYZER_NONNULL = YES;
				CLANG_ANALYZER_NUMBER_OBJECT_CONVERSION = YES_AGGRESSIVE;
				CLANG_CXX_LANGUAGE_STANDARD = "gnu++20";
				CLANG_ENABLE_MODULES = YES;
				CLANG_ENABLE_OBJC_ARC = YES;
				CLANG_ENABLE_OBJC_WEAK = YES;
				CLANG_WARN_BLOCK_CAPTURE_AUTORELEASING = YES;
				CLANG_WARN_BOOL_CONVERSION = YES;
				CLANG_WARN_COMMA = YES;
				CLANG_WARN_CONSTANT_CONVERSION = YES;
				CLANG_WARN_DEPRECATED_OBJC_IMPLEMENTATIONS = YES;
				CLANG_WARN_DIRECT_OBJC_ISA_USAGE = YES_ERROR;
				CLANG_WARN_DOCUMENTATION_COMMENTS = YES;
				CLANG_WARN_EMPTY_BODY = YES;
				CLANG_WARN_ENUM_CONVERSION = YES;
				CLANG_WARN_INFINITE_RECURSION = YES;
				CLANG_WARN_INT_CONVERSION = YES;
				CLANG_WARN_NON_LITERAL_NULL_CONVERSION = YES;
				CLANG_WARN_OBJC_IMPLICIT_RETAIN_SELF = YES;
				CLANG_WARN_OBJC_LITERAL_CONVERSION = YES;
				CLANG_WARN_OBJC_ROOT_CLASS = YES_ERROR;
				CLANG_WARN_QUOTED_INCLUDE_IN_FRAMEWORK_HEADER = YES;
				CLANG_WARN_RANGE_LOOP_ANALYSIS = YES;
				CLANG_WARN_STRICT_PROTOTYPES = YES;
				CLANG_WARN_SUSPICIOUS_MOVE = YES;
				CLANG_WARN_UNGUARDED_AVAILABILITY = YES_AGGRESSIVE;
				CLANG_WARN_UNREACHABLE_CODE = YES;
				CLANG_WARN__DUPLICATE_METHOD_MATCH = YES;
				COPY_PHASE_STRIP = NO;
				DEAD_CODE_STRIPPING = YES;
				DEBUG_INFORMATION_FORMAT = dwarf;
				ENABLE_STRICT_OBJC_MSGSEND = YES;
				ENABLE_TESTABILITY = YES;
				ENABLE_USER_SCRIPT_SANDBOXING = YES;
				GCC_C_LANGUAGE_STANDARD = gnu11;
				GCC_DYNAMIC_NO_PIC = NO;
				GCC_NO_COMMON_BLOCKS = YES;
				GCC_OPTIMIZATION_LEVEL = 0;
				GCC_PREPROCESSOR_DEFINITIONS = (
					"DEBUG=1",
					"$(inherited)",
				);
				GCC_WARN_64_TO_32_BIT_CONVERSION = YES;
				GCC_WARN_ABOUT_RETURN_TYPE = YES_ERROR;
				GCC_WARN_UNDECLARED_SELECTOR = YES;
				GCC_WARN_UNINITIALIZED_AUTOS = YES_AGGRESSIVE;
				GCC_WARN_UNUSED_FUNCTION = YES;
				GCC_WARN_UNUSED_VARIABLE = YES;
				MTL_ENABLE_DEBUG_INFO = INCLUDE_SOURCE;
				MTL_FAST_MATH = YES;
				ONLY_ACTIVE_ARCH = YES;
				SWIFT_ACTIVE_COMPILATION_CONDITIONS = DEBUG;
				SWIFT_OPTIMIZATION_LEVEL = "-Onone";
			};
			name = Debug;
		};
		D864CB682A0828F800E1C157 /* Release */ = {
			isa = XCBuildConfiguration;
			buildSettings = {
				ALWAYS_SEARCH_USER_PATHS = NO;
				CLANG_ANALYZER_NONNULL = YES;
				CLANG_ANALYZER_NUMBER_OBJECT_CONVERSION = YES_AGGRESSIVE;
				CLANG_CXX_LANGUAGE_STANDARD = "gnu++20";
				CLANG_ENABLE_MODULES = YES;
				CLANG_ENABLE_OBJC_ARC = YES;
				CLANG_ENABLE_OBJC_WEAK = YES;
				CLANG_WARN_BLOCK_CAPTURE_AUTORELEASING = YES;
				CLANG_WARN_BOOL_CONVERSION = YES;
				CLANG_WARN_COMMA = YES;
				CLANG_WARN_CONSTANT_CONVERSION = YES;
				CLANG_WARN_DEPRECATED_OBJC_IMPLEMENTATIONS = YES;
				CLANG_WARN_DIRECT_OBJC_ISA_USAGE = YES_ERROR;
				CLANG_WARN_DOCUMENTATION_COMMENTS = YES;
				CLANG_WARN_EMPTY_BODY = YES;
				CLANG_WARN_ENUM_CONVERSION = YES;
				CLANG_WARN_INFINITE_RECURSION = YES;
				CLANG_WARN_INT_CONVERSION = YES;
				CLANG_WARN_NON_LITERAL_NULL_CONVERSION = YES;
				CLANG_WARN_OBJC_IMPLICIT_RETAIN_SELF = YES;
				CLANG_WARN_OBJC_LITERAL_CONVERSION = YES;
				CLANG_WARN_OBJC_ROOT_CLASS = YES_ERROR;
				CLANG_WARN_QUOTED_INCLUDE_IN_FRAMEWORK_HEADER = YES;
				CLANG_WARN_RANGE_LOOP_ANALYSIS = YES;
				CLANG_WARN_STRICT_PROTOTYPES = YES;
				CLANG_WARN_SUSPICIOUS_MOVE = YES;
				CLANG_WARN_UNGUARDED_AVAILABILITY = YES_AGGRESSIVE;
				CLANG_WARN_UNREACHABLE_CODE = YES;
				CLANG_WARN__DUPLICATE_METHOD_MATCH = YES;
				COPY_PHASE_STRIP = NO;
				DEAD_CODE_STRIPPING = YES;
				DEBUG_INFORMATION_FORMAT = "dwarf-with-dsym";
				ENABLE_NS_ASSERTIONS = NO;
				ENABLE_STRICT_OBJC_MSGSEND = YES;
				ENABLE_USER_SCRIPT_SANDBOXING = YES;
				GCC_C_LANGUAGE_STANDARD = gnu11;
				GCC_NO_COMMON_BLOCKS = YES;
				GCC_WARN_64_TO_32_BIT_CONVERSION = YES;
				GCC_WARN_ABOUT_RETURN_TYPE = YES_ERROR;
				GCC_WARN_UNDECLARED_SELECTOR = YES;
				GCC_WARN_UNINITIALIZED_AUTOS = YES_AGGRESSIVE;
				GCC_WARN_UNUSED_FUNCTION = YES;
				GCC_WARN_UNUSED_VARIABLE = YES;
				MTL_ENABLE_DEBUG_INFO = NO;
				MTL_FAST_MATH = YES;
				SWIFT_COMPILATION_MODE = wholemodule;
				SWIFT_OPTIMIZATION_LEVEL = "-O";
			};
			name = Release;
		};
		D864CB6A2A0828F800E1C157 /* Debug */ = {
			isa = XCBuildConfiguration;
			buildSettings = {
				ASSETCATALOG_COMPILER_APPICON_NAME = GreenFishWhiteBackground;
				ASSETCATALOG_COMPILER_GLOBAL_ACCENT_COLOR_NAME = AccentColor;
				ASSETCATALOG_COMPILER_INCLUDE_ALL_APPICON_ASSETS = NO;
				CODE_SIGN_ENTITLEMENTS = AquariumControllerClient/AquariumControllerClientDebug.entitlements;
				CODE_SIGN_IDENTITY = "Apple Development";
				CODE_SIGN_STYLE = Automatic;
				CURRENT_PROJECT_VERSION = 1;
				DEAD_CODE_STRIPPING = YES;
				DEVELOPMENT_ASSET_PATHS = "\"AquariumControllerClient/Preview Content\"";
				DEVELOPMENT_TEAM = DTT7NYTYUQ;
				ENABLE_HARDENED_RUNTIME = YES;
				"ENABLE_HARDENED_RUNTIME[sdk=macosx*]" = YES;
				ENABLE_PREVIEWS = YES;
				GENERATE_INFOPLIST_FILE = YES;
				INFOPLIST_FILE = AquariumControllerClient/Info.plist;
				INFOPLIST_KEY_CFBundleDisplayName = "AQ Controller";
				INFOPLIST_KEY_LSApplicationCategoryType = "public.app-category.utilities";
				INFOPLIST_KEY_NSLocationUsageDescription = "Your description here";
				INFOPLIST_KEY_NSLocationWhenInUseUsageDescription = "Your description here";
				"INFOPLIST_KEY_UIApplicationSceneManifest_Generation[sdk=iphoneos*]" = YES;
				"INFOPLIST_KEY_UIApplicationSceneManifest_Generation[sdk=iphonesimulator*]" = YES;
				"INFOPLIST_KEY_UIApplicationSupportsIndirectInputEvents[sdk=iphoneos*]" = YES;
				"INFOPLIST_KEY_UIApplicationSupportsIndirectInputEvents[sdk=iphonesimulator*]" = YES;
				"INFOPLIST_KEY_UILaunchScreen_Generation[sdk=iphoneos*]" = YES;
				"INFOPLIST_KEY_UILaunchScreen_Generation[sdk=iphonesimulator*]" = YES;
				INFOPLIST_KEY_UIStatusBarStyle = "";
				"INFOPLIST_KEY_UIStatusBarStyle[sdk=iphoneos*]" = UIStatusBarStyleDefault;
				"INFOPLIST_KEY_UIStatusBarStyle[sdk=iphonesimulator*]" = UIStatusBarStyleDefault;
				INFOPLIST_KEY_UISupportedInterfaceOrientations = "UIInterfaceOrientationPortrait UIInterfaceOrientationPortraitUpsideDown";
				IPHONEOS_DEPLOYMENT_TARGET = 18.0;
				LD_RUNPATH_SEARCH_PATHS = "@executable_path/Frameworks";
				"LD_RUNPATH_SEARCH_PATHS[sdk=macosx*]" = "@executable_path/../Frameworks";
				MACOSX_DEPLOYMENT_TARGET = 15.0;
				MARKETING_VERSION = 1.0;
				PRODUCT_BUNDLE_IDENTIFIER = com.connorwilliams.AquariumControllerClient;
				PRODUCT_NAME = "$(TARGET_NAME)";
				PROVISIONING_PROFILE_SPECIFIER = "";
				SDKROOT = auto;
				SUPPORTED_PLATFORMS = "iphoneos iphonesimulator macosx";
				SWIFT_EMIT_LOC_STRINGS = YES;
				SWIFT_VERSION = 5.0;
				TARGETED_DEVICE_FAMILY = "1,2";
			};
			name = Debug;
		};
		D864CB6B2A0828F800E1C157 /* Release */ = {
			isa = XCBuildConfiguration;
			buildSettings = {
				ASSETCATALOG_COMPILER_APPICON_NAME = GreenFishWhiteBackground;
				ASSETCATALOG_COMPILER_GLOBAL_ACCENT_COLOR_NAME = AccentColor;
				ASSETCATALOG_COMPILER_INCLUDE_ALL_APPICON_ASSETS = NO;
				CODE_SIGN_ENTITLEMENTS = AquariumControllerClient/AquariumControllerClient.entitlements;
				CODE_SIGN_IDENTITY = "Apple Development";
				CODE_SIGN_STYLE = Automatic;
				CURRENT_PROJECT_VERSION = 1;
				DEAD_CODE_STRIPPING = YES;
				DEVELOPMENT_ASSET_PATHS = "\"AquariumControllerClient/Preview Content\"";
				DEVELOPMENT_TEAM = DTT7NYTYUQ;
				ENABLE_HARDENED_RUNTIME = YES;
				"ENABLE_HARDENED_RUNTIME[sdk=macosx*]" = YES;
				ENABLE_PREVIEWS = YES;
				GENERATE_INFOPLIST_FILE = YES;
				INFOPLIST_FILE = AquariumControllerClient/Info.plist;
				INFOPLIST_KEY_CFBundleDisplayName = "AQ Controller";
				INFOPLIST_KEY_LSApplicationCategoryType = "public.app-category.utilities";
				INFOPLIST_KEY_NSLocationUsageDescription = "Your description here";
				INFOPLIST_KEY_NSLocationWhenInUseUsageDescription = "Your description here";
				"INFOPLIST_KEY_UIApplicationSceneManifest_Generation[sdk=iphoneos*]" = YES;
				"INFOPLIST_KEY_UIApplicationSceneManifest_Generation[sdk=iphonesimulator*]" = YES;
				"INFOPLIST_KEY_UIApplicationSupportsIndirectInputEvents[sdk=iphoneos*]" = YES;
				"INFOPLIST_KEY_UIApplicationSupportsIndirectInputEvents[sdk=iphonesimulator*]" = YES;
				"INFOPLIST_KEY_UILaunchScreen_Generation[sdk=iphoneos*]" = YES;
				"INFOPLIST_KEY_UILaunchScreen_Generation[sdk=iphonesimulator*]" = YES;
				INFOPLIST_KEY_UIStatusBarStyle = "";
				"INFOPLIST_KEY_UIStatusBarStyle[sdk=iphoneos*]" = UIStatusBarStyleDefault;
				"INFOPLIST_KEY_UIStatusBarStyle[sdk=iphonesimulator*]" = UIStatusBarStyleDefault;
				INFOPLIST_KEY_UISupportedInterfaceOrientations = "UIInterfaceOrientationPortrait UIInterfaceOrientationPortraitUpsideDown";
				IPHONEOS_DEPLOYMENT_TARGET = 18.0;
				LD_RUNPATH_SEARCH_PATHS = "@executable_path/Frameworks";
				"LD_RUNPATH_SEARCH_PATHS[sdk=macosx*]" = "@executable_path/../Frameworks";
				MACOSX_DEPLOYMENT_TARGET = 15.0;
				MARKETING_VERSION = 1.0;
				PRODUCT_BUNDLE_IDENTIFIER = com.connorwilliams.AquariumControllerClient;
				PRODUCT_NAME = "$(TARGET_NAME)";
				PROVISIONING_PROFILE_SPECIFIER = "";
				SDKROOT = auto;
				SUPPORTED_PLATFORMS = "iphoneos iphonesimulator macosx";
				SWIFT_EMIT_LOC_STRINGS = YES;
				SWIFT_VERSION = 5.0;
				TARGETED_DEVICE_FAMILY = "1,2";
			};
			name = Release;
		};
		D8C900DD2CEE4F7200FBB543 /* Production */ = {
			isa = XCBuildConfiguration;
			buildSettings = {
				ALWAYS_SEARCH_USER_PATHS = NO;
				CLANG_ANALYZER_NONNULL = YES;
				CLANG_ANALYZER_NUMBER_OBJECT_CONVERSION = YES_AGGRESSIVE;
				CLANG_CXX_LANGUAGE_STANDARD = "gnu++20";
				CLANG_ENABLE_MODULES = YES;
				CLANG_ENABLE_OBJC_ARC = YES;
				CLANG_ENABLE_OBJC_WEAK = YES;
				CLANG_WARN_BLOCK_CAPTURE_AUTORELEASING = YES;
				CLANG_WARN_BOOL_CONVERSION = YES;
				CLANG_WARN_COMMA = YES;
				CLANG_WARN_CONSTANT_CONVERSION = YES;
				CLANG_WARN_DEPRECATED_OBJC_IMPLEMENTATIONS = YES;
				CLANG_WARN_DIRECT_OBJC_ISA_USAGE = YES_ERROR;
				CLANG_WARN_DOCUMENTATION_COMMENTS = YES;
				CLANG_WARN_EMPTY_BODY = YES;
				CLANG_WARN_ENUM_CONVERSION = YES;
				CLANG_WARN_INFINITE_RECURSION = YES;
				CLANG_WARN_INT_CONVERSION = YES;
				CLANG_WARN_NON_LITERAL_NULL_CONVERSION = YES;
				CLANG_WARN_OBJC_IMPLICIT_RETAIN_SELF = YES;
				CLANG_WARN_OBJC_LITERAL_CONVERSION = YES;
				CLANG_WARN_OBJC_ROOT_CLASS = YES_ERROR;
				CLANG_WARN_QUOTED_INCLUDE_IN_FRAMEWORK_HEADER = YES;
				CLANG_WARN_RANGE_LOOP_ANALYSIS = YES;
				CLANG_WARN_STRICT_PROTOTYPES = YES;
				CLANG_WARN_SUSPICIOUS_MOVE = YES;
				CLANG_WARN_UNGUARDED_AVAILABILITY = YES_AGGRESSIVE;
				CLANG_WARN_UNREACHABLE_CODE = YES;
				CLANG_WARN__DUPLICATE_METHOD_MATCH = YES;
				COPY_PHASE_STRIP = NO;
				DEAD_CODE_STRIPPING = YES;
				DEBUG_INFORMATION_FORMAT = dwarf;
				ENABLE_STRICT_OBJC_MSGSEND = YES;
				ENABLE_TESTABILITY = YES;
				ENABLE_USER_SCRIPT_SANDBOXING = YES;
				GCC_C_LANGUAGE_STANDARD = gnu11;
				GCC_DYNAMIC_NO_PIC = NO;
				GCC_NO_COMMON_BLOCKS = YES;
				GCC_OPTIMIZATION_LEVEL = 0;
				GCC_PREPROCESSOR_DEFINITIONS = (
					"DEBUG=1",
					"$(inherited)",
				);
				GCC_WARN_64_TO_32_BIT_CONVERSION = YES;
				GCC_WARN_ABOUT_RETURN_TYPE = YES_ERROR;
				GCC_WARN_UNDECLARED_SELECTOR = YES;
				GCC_WARN_UNINITIALIZED_AUTOS = YES_AGGRESSIVE;
				GCC_WARN_UNUSED_FUNCTION = YES;
				GCC_WARN_UNUSED_VARIABLE = YES;
				MTL_ENABLE_DEBUG_INFO = INCLUDE_SOURCE;
				MTL_FAST_MATH = YES;
				ONLY_ACTIVE_ARCH = YES;
				SWIFT_ACTIVE_COMPILATION_CONDITIONS = PRODUCTION;
				SWIFT_OPTIMIZATION_LEVEL = "-Onone";
			};
			name = Production;
		};
		D8C900DE2CEE4F7200FBB543 /* Production */ = {
			isa = XCBuildConfiguration;
			buildSettings = {
				ASSETCATALOG_COMPILER_APPICON_NAME = GreenFishWhiteBackground;
				ASSETCATALOG_COMPILER_GLOBAL_ACCENT_COLOR_NAME = AccentColor;
				ASSETCATALOG_COMPILER_INCLUDE_ALL_APPICON_ASSETS = NO;
				CODE_SIGN_ENTITLEMENTS = AquariumControllerClient/AquariumControllerClientDebug.entitlements;
				CODE_SIGN_IDENTITY = "Apple Development";
				CODE_SIGN_STYLE = Automatic;
				CURRENT_PROJECT_VERSION = 1;
				DEAD_CODE_STRIPPING = YES;
				DEVELOPMENT_ASSET_PATHS = "\"AquariumControllerClient/Preview Content\"";
				DEVELOPMENT_TEAM = DTT7NYTYUQ;
				ENABLE_HARDENED_RUNTIME = YES;
				"ENABLE_HARDENED_RUNTIME[sdk=macosx*]" = YES;
				ENABLE_PREVIEWS = YES;
				GENERATE_INFOPLIST_FILE = YES;
				INFOPLIST_FILE = AquariumControllerClient/Info.plist;
				INFOPLIST_KEY_CFBundleDisplayName = "AQ Controller";
				INFOPLIST_KEY_LSApplicationCategoryType = "public.app-category.utilities";
				INFOPLIST_KEY_NSLocationUsageDescription = "Your description here";
				INFOPLIST_KEY_NSLocationWhenInUseUsageDescription = "Your description here";
				"INFOPLIST_KEY_UIApplicationSceneManifest_Generation[sdk=iphoneos*]" = YES;
				"INFOPLIST_KEY_UIApplicationSceneManifest_Generation[sdk=iphonesimulator*]" = YES;
				"INFOPLIST_KEY_UIApplicationSupportsIndirectInputEvents[sdk=iphoneos*]" = YES;
				"INFOPLIST_KEY_UIApplicationSupportsIndirectInputEvents[sdk=iphonesimulator*]" = YES;
				"INFOPLIST_KEY_UILaunchScreen_Generation[sdk=iphoneos*]" = YES;
				"INFOPLIST_KEY_UILaunchScreen_Generation[sdk=iphonesimulator*]" = YES;
				INFOPLIST_KEY_UIStatusBarStyle = "";
				"INFOPLIST_KEY_UIStatusBarStyle[sdk=iphoneos*]" = UIStatusBarStyleDefault;
				"INFOPLIST_KEY_UIStatusBarStyle[sdk=iphonesimulator*]" = UIStatusBarStyleDefault;
				INFOPLIST_KEY_UISupportedInterfaceOrientations = "UIInterfaceOrientationPortrait UIInterfaceOrientationPortraitUpsideDown";
				IPHONEOS_DEPLOYMENT_TARGET = 18.0;
				LD_RUNPATH_SEARCH_PATHS = "@executable_path/Frameworks";
				"LD_RUNPATH_SEARCH_PATHS[sdk=macosx*]" = "@executable_path/../Frameworks";
				MACOSX_DEPLOYMENT_TARGET = 15.0;
				MARKETING_VERSION = 1.0;
				PRODUCT_BUNDLE_IDENTIFIER = com.connorwilliams.AquariumControllerClient;
				PRODUCT_NAME = "$(TARGET_NAME)";
				PROVISIONING_PROFILE_SPECIFIER = "";
				SDKROOT = auto;
				SUPPORTED_PLATFORMS = "iphoneos iphonesimulator macosx";
				SWIFT_EMIT_LOC_STRINGS = YES;
				SWIFT_VERSION = 5.0;
				TARGETED_DEVICE_FAMILY = "1,2";
			};
			name = Production;
		};
		D8C900DF2CEE4F7900FBB543 /* Development */ = {
			isa = XCBuildConfiguration;
			buildSettings = {
				ALWAYS_SEARCH_USER_PATHS = NO;
				CLANG_ANALYZER_NONNULL = YES;
				CLANG_ANALYZER_NUMBER_OBJECT_CONVERSION = YES_AGGRESSIVE;
				CLANG_CXX_LANGUAGE_STANDARD = "gnu++20";
				CLANG_ENABLE_MODULES = YES;
				CLANG_ENABLE_OBJC_ARC = YES;
				CLANG_ENABLE_OBJC_WEAK = YES;
				CLANG_WARN_BLOCK_CAPTURE_AUTORELEASING = YES;
				CLANG_WARN_BOOL_CONVERSION = YES;
				CLANG_WARN_COMMA = YES;
				CLANG_WARN_CONSTANT_CONVERSION = YES;
				CLANG_WARN_DEPRECATED_OBJC_IMPLEMENTATIONS = YES;
				CLANG_WARN_DIRECT_OBJC_ISA_USAGE = YES_ERROR;
				CLANG_WARN_DOCUMENTATION_COMMENTS = YES;
				CLANG_WARN_EMPTY_BODY = YES;
				CLANG_WARN_ENUM_CONVERSION = YES;
				CLANG_WARN_INFINITE_RECURSION = YES;
				CLANG_WARN_INT_CONVERSION = YES;
				CLANG_WARN_NON_LITERAL_NULL_CONVERSION = YES;
				CLANG_WARN_OBJC_IMPLICIT_RETAIN_SELF = YES;
				CLANG_WARN_OBJC_LITERAL_CONVERSION = YES;
				CLANG_WARN_OBJC_ROOT_CLASS = YES_ERROR;
				CLANG_WARN_QUOTED_INCLUDE_IN_FRAMEWORK_HEADER = YES;
				CLANG_WARN_RANGE_LOOP_ANALYSIS = YES;
				CLANG_WARN_STRICT_PROTOTYPES = YES;
				CLANG_WARN_SUSPICIOUS_MOVE = YES;
				CLANG_WARN_UNGUARDED_AVAILABILITY = YES_AGGRESSIVE;
				CLANG_WARN_UNREACHABLE_CODE = YES;
				CLANG_WARN__DUPLICATE_METHOD_MATCH = YES;
				COPY_PHASE_STRIP = NO;
				DEAD_CODE_STRIPPING = YES;
				DEBUG_INFORMATION_FORMAT = dwarf;
				ENABLE_STRICT_OBJC_MSGSEND = YES;
				ENABLE_TESTABILITY = YES;
				ENABLE_USER_SCRIPT_SANDBOXING = YES;
				GCC_C_LANGUAGE_STANDARD = gnu11;
				GCC_DYNAMIC_NO_PIC = NO;
				GCC_NO_COMMON_BLOCKS = YES;
				GCC_OPTIMIZATION_LEVEL = 0;
				GCC_PREPROCESSOR_DEFINITIONS = (
					"DEBUG=1",
					"$(inherited)",
				);
				GCC_WARN_64_TO_32_BIT_CONVERSION = YES;
				GCC_WARN_ABOUT_RETURN_TYPE = YES_ERROR;
				GCC_WARN_UNDECLARED_SELECTOR = YES;
				GCC_WARN_UNINITIALIZED_AUTOS = YES_AGGRESSIVE;
				GCC_WARN_UNUSED_FUNCTION = YES;
				GCC_WARN_UNUSED_VARIABLE = YES;
				MTL_ENABLE_DEBUG_INFO = INCLUDE_SOURCE;
				MTL_FAST_MATH = YES;
				ONLY_ACTIVE_ARCH = YES;
				SWIFT_ACTIVE_COMPILATION_CONDITIONS = DEVELOPMENT;
				SWIFT_OPTIMIZATION_LEVEL = "-Onone";
			};
			name = Development;
		};
		D8C900E02CEE4F7900FBB543 /* Development */ = {
			isa = XCBuildConfiguration;
			buildSettings = {
				ASSETCATALOG_COMPILER_APPICON_NAME = GreenFishWhiteBackground;
				ASSETCATALOG_COMPILER_GLOBAL_ACCENT_COLOR_NAME = AccentColor;
				ASSETCATALOG_COMPILER_INCLUDE_ALL_APPICON_ASSETS = NO;
				CODE_SIGN_ENTITLEMENTS = AquariumControllerClient/AquariumControllerClientDebug.entitlements;
				CODE_SIGN_IDENTITY = "Apple Development";
				CODE_SIGN_STYLE = Automatic;
				CURRENT_PROJECT_VERSION = 1;
				DEAD_CODE_STRIPPING = YES;
				DEVELOPMENT_ASSET_PATHS = "\"AquariumControllerClient/Preview Content\"";
				DEVELOPMENT_TEAM = DTT7NYTYUQ;
				ENABLE_HARDENED_RUNTIME = YES;
				"ENABLE_HARDENED_RUNTIME[sdk=macosx*]" = YES;
				ENABLE_PREVIEWS = YES;
				GENERATE_INFOPLIST_FILE = YES;
				INFOPLIST_FILE = AquariumControllerClient/Info.plist;
				INFOPLIST_KEY_CFBundleDisplayName = "AQ Controller";
				INFOPLIST_KEY_LSApplicationCategoryType = "public.app-category.utilities";
				INFOPLIST_KEY_NSLocationUsageDescription = "Your description here";
				INFOPLIST_KEY_NSLocationWhenInUseUsageDescription = "Your description here";
				"INFOPLIST_KEY_UIApplicationSceneManifest_Generation[sdk=iphoneos*]" = YES;
				"INFOPLIST_KEY_UIApplicationSceneManifest_Generation[sdk=iphonesimulator*]" = YES;
				"INFOPLIST_KEY_UIApplicationSupportsIndirectInputEvents[sdk=iphoneos*]" = YES;
				"INFOPLIST_KEY_UIApplicationSupportsIndirectInputEvents[sdk=iphonesimulator*]" = YES;
				"INFOPLIST_KEY_UILaunchScreen_Generation[sdk=iphoneos*]" = YES;
				"INFOPLIST_KEY_UILaunchScreen_Generation[sdk=iphonesimulator*]" = YES;
				INFOPLIST_KEY_UIStatusBarStyle = "";
				"INFOPLIST_KEY_UIStatusBarStyle[sdk=iphoneos*]" = UIStatusBarStyleDefault;
				"INFOPLIST_KEY_UIStatusBarStyle[sdk=iphonesimulator*]" = UIStatusBarStyleDefault;
				INFOPLIST_KEY_UISupportedInterfaceOrientations = "UIInterfaceOrientationPortrait UIInterfaceOrientationPortraitUpsideDown";
				IPHONEOS_DEPLOYMENT_TARGET = 18.0;
				LD_RUNPATH_SEARCH_PATHS = "@executable_path/Frameworks";
				"LD_RUNPATH_SEARCH_PATHS[sdk=macosx*]" = "@executable_path/../Frameworks";
				MACOSX_DEPLOYMENT_TARGET = 15.0;
				MARKETING_VERSION = 1.0;
				PRODUCT_BUNDLE_IDENTIFIER = com.connorwilliams.AquariumControllerClient;
				PRODUCT_NAME = "$(TARGET_NAME)";
				PROVISIONING_PROFILE_SPECIFIER = "";
				SDKROOT = auto;
				SUPPORTED_PLATFORMS = "iphoneos iphonesimulator macosx";
				SWIFT_EMIT_LOC_STRINGS = YES;
				SWIFT_VERSION = 5.0;
				TARGETED_DEVICE_FAMILY = "1,2";
			};
			name = Development;
		};
/* End XCBuildConfiguration section */

/* Begin XCConfigurationList section */
		D864CB552A0828F700E1C157 /* Build configuration list for PBXProject "AquariumControllerClient" */ = {
			isa = XCConfigurationList;
			buildConfigurations = (
				D864CB672A0828F800E1C157 /* Debug */,
				D8C900DF2CEE4F7900FBB543 /* Development */,
				D8C900DD2CEE4F7200FBB543 /* Production */,
				D864CB682A0828F800E1C157 /* Release */,
			);
			defaultConfigurationIsVisible = 0;
			defaultConfigurationName = Release;
		};
		D864CB692A0828F800E1C157 /* Build configuration list for PBXNativeTarget "AquariumControllerClient" */ = {
			isa = XCConfigurationList;
			buildConfigurations = (
				D864CB6A2A0828F800E1C157 /* Debug */,
				D8C900E02CEE4F7900FBB543 /* Development */,
				D8C900DE2CEE4F7200FBB543 /* Production */,
				D864CB6B2A0828F800E1C157 /* Release */,
			);
			defaultConfigurationIsVisible = 0;
			defaultConfigurationName = Release;
		};
/* End XCConfigurationList section */
	};
	rootObject = D864CB522A0828F700E1C157 /* Project object */;
}
